
Microsoft Visual Studio Solution File, Format Version 12.00
# Visual Studio Version 17
VisualStudioVersion = 17.0.31903.59
MinimumVisualStudioVersion = 10.0.40219.1
Project("{FAE04EC0-301F-11D3-BF4B-00C04F79EFBC}") = "DataAccess", "DataAccess\DataAccess.csproj", "{1FC6CCC6-46CD-40A1-8093-056086431A95}"
EndProject
Project("{FAE04EC0-301F-11D3-BF4B-00C04F79EFBC}") = "Service", "Service\Service.csproj", "{DD031241-62F2-434E-909D-D7059941D8EB}"
EndProject
Project("{FAE04EC0-301F-11D3-BF4B-00C04F79EFBC}") = "Web", "Web\Web.csproj", "{C73BEC85-2885-456A-8928-4C1D29EEBC1C}"
EndProject
Global
	GlobalSection(SolutionConfigurationPlatforms) = preSolution
		Debug|Any CPU = Debug|Any CPU
		Debug|x64 = Debug|x64
		Debug|x86 = Debug|x86
		Release|Any CPU = Release|Any CPU
		Release|x64 = Release|x64
		Release|x86 = Release|x86
	EndGlobalSection
	GlobalSection(ProjectConfigurationPlatforms) = postSolution
		{1FC6CCC6-46CD-40A1-8093-056086431A95}.Debug|Any CPU.ActiveCfg = Debug|Any CPU
		{1FC6CCC6-46CD-40A1-8093-056086431A95}.Debug|Any CPU.Build.0 = Debug|Any CPU
		{1FC6CCC6-46CD-40A1-8093-056086431A95}.Debug|x64.ActiveCfg = Debug|Any CPU
		{1FC6CCC6-46CD-40A1-8093-056086431A95}.Debug|x64.Build.0 = Debug|Any CPU
		{1FC6CCC6-46CD-40A1-8093-056086431A95}.Debug|x86.ActiveCfg = Debug|Any CPU
		{1FC6CCC6-46CD-40A1-8093-056086431A95}.Debug|x86.Build.0 = Debug|Any CPU
		{1FC6CCC6-46CD-40A1-8093-056086431A95}.Release|Any CPU.ActiveCfg = Release|Any CPU
		{1FC6CCC6-46CD-40A1-8093-056086431A95}.Release|Any CPU.Build.0 = Release|Any CPU
		{1FC6CCC6-46CD-40A1-8093-056086431A95}.Release|x64.ActiveCfg = Release|Any CPU
		{1FC6CCC6-46CD-40A1-8093-056086431A95}.Release|x64.Build.0 = Release|Any CPU
		{1FC6CCC6-46CD-40A1-8093-056086431A95}.Release|x86.ActiveCfg = Release|Any CPU
		{1FC6CCC6-46CD-40A1-8093-056086431A95}.Release|x86.Build.0 = Release|Any CPU
		{DD031241-62F2-434E-909D-D7059941D8EB}.Debug|Any CPU.ActiveCfg = Debug|Any CPU
		{DD031241-62F2-434E-909D-D7059941D8EB}.Debug|Any CPU.Build.0 = Debug|Any CPU
		{DD031241-62F2-434E-909D-D7059941D8EB}.Debug|x64.ActiveCfg = Debug|Any CPU
		{DD031241-62F2-434E-909D-D7059941D8EB}.Debug|x64.Build.0 = Debug|Any CPU
		{DD031241-62F2-434E-909D-D7059941D8EB}.Debug|x86.ActiveCfg = Debug|Any CPU
		{DD031241-62F2-434E-909D-D7059941D8EB}.Debug|x86.Build.0 = Debug|Any CPU
		{DD031241-62F2-434E-909D-D7059941D8EB}.Release|Any CPU.ActiveCfg = Release|Any CPU
		{DD031241-62F2-434E-909D-D7059941D8EB}.Release|Any CPU.Build.0 = Release|Any CPU
		{DD031241-62F2-434E-909D-D7059941D8EB}.Release|x64.ActiveCfg = Release|Any CPU
		{DD031241-62F2-434E-909D-D7059941D8EB}.Release|x64.Build.0 = Release|Any CPU
		{DD031241-62F2-434E-909D-D7059941D8EB}.Release|x86.ActiveCfg = Release|Any CPU
		{DD031241-62F2-434E-909D-D7059941D8EB}.Release|x86.Build.0 = Release|Any CPU
		{C73BEC85-2885-456A-8928-4C1D29EEBC1C}.Debug|Any CPU.ActiveCfg = Debug|Any CPU
		{C73BEC85-2885-456A-8928-4C1D29EEBC1C}.Debug|Any CPU.Build.0 = Debug|Any CPU
		{C73BEC85-2885-456A-8928-4C1D29EEBC1C}.Debug|x64.ActiveCfg = Debug|Any CPU
		{C73BEC85-2885-456A-8928-4C1D29EEBC1C}.Debug|x64.Build.0 = Debug|Any CPU
		{C73BEC85-2885-456A-8928-4C1D29EEBC1C}.Debug|x86.ActiveCfg = Debug|Any CPU
		{C73BEC85-2885-456A-8928-4C1D29EEBC1C}.Debug|x86.Build.0 = Debug|Any CPU
		{C73BEC85-2885-456A-8928-4C1D29EEBC1C}.Release|Any CPU.ActiveCfg = Release|Any CPU
		{C73BEC85-2885-456A-8928-4C1D29EEBC1C}.Release|Any CPU.Build.0 = Release|Any CPU
		{C73BEC85-2885-456A-8928-4C1D29EEBC1C}.Release|x64.ActiveCfg = Release|Any CPU
		{C73BEC85-2885-456A-8928-4C1D29EEBC1C}.Release|x64.Build.0 = Release|Any CPU
		{C73BEC85-2885-456A-8928-4C1D29EEBC1C}.Release|x86.ActiveCfg = Release|Any CPU
		{C73BEC85-2885-456A-8928-4C1D29EEBC1C}.Release|x86.Build.0 = Release|Any CPU
	EndGlobalSection
	GlobalSection(SolutionProperties) = preSolution
		HideSolutionNode = FALSE
	EndGlobalSection
EndGlobal
